
Microsoft Visual Studio Solution File, Format Version 12.00
# Visual Studio Version 16
VisualStudioVersion = 16.0.28922.388
MinimumVisualStudioVersion = 10.0.40219.1
Project("{9A19103F-16F7-4668-BE54-9A1E7A4F7556}") = "AuthManager", "AuthManager.csproj", "{66B5A94A-3714-4CF1-83CF-1E6E656D452D}"
EndProject
Project("{9A19103F-16F7-4668-BE54-9A1E7A4F7556}") = "AuthManager.DTO", "..\AuthManager.DTO\AuthManager.DTO.csproj", "{988E3156-8526-48C9-9FD1-BABE92DE234F}"
EndProject
Global
	GlobalSection(SolutionConfigurationPlatforms) = preSolution
		Debug|Any CPU = Debug|Any CPU
		Release|Any CPU = Release|Any CPU
	EndGlobalSection
	GlobalSection(ProjectConfigurationPlatforms) = postSolution
		{66B5A94A-3714-4CF1-83CF-1E6E656D452D}.Debug|Any CPU.ActiveCfg = Debug|Any CPU
		{66B5A94A-3714-4CF1-83CF-1E6E656D452D}.Debug|Any CPU.Build.0 = Debug|Any CPU
		{66B5A94A-3714-4CF1-83CF-1E6E656D452D}.Release|Any CPU.ActiveCfg = Release|Any CPU
		{66B5A94A-3714-4CF1-83CF-1E6E656D452D}.Release|Any CPU.Build.0 = Release|Any CPU
		{988E3156-8526-48C9-9FD1-BABE92DE234F}.Debug|Any CPU.ActiveCfg = Debug|Any CPU
		{988E3156-8526-48C9-9FD1-BABE92DE234F}.Debug|Any CPU.Build.0 = Debug|Any CPU
		{988E3156-8526-48C9-9FD1-BABE92DE234F}.Release|Any CPU.ActiveCfg = Release|Any CPU
		{988E3156-8526-48C9-9FD1-BABE92DE234F}.Release|Any CPU.Build.0 = Release|Any CPU
	EndGlobalSection
	GlobalSection(SolutionProperties) = preSolution
		HideSolutionNode = FALSE
	EndGlobalSection
	GlobalSection(ExtensibilityGlobals) = postSolution
		SolutionGuid = {A8BF02E3-8EEE-4D7B-A57E-35F86C01B622}
	EndGlobalSection
EndGlobal
